
Microsoft Visual Studio Solution File, Format Version 12.00
# Visual Studio Version 16
VisualStudioVersion = 16.0.31321.278
MinimumVisualStudioVersion = 10.0.40219.1
Project("{FAE04EC0-301F-11D3-BF4B-00C04F79EFBC}") = "Assignment1", "Assignment1\Assignment1.csproj", "{072DB4F1-581A-458E-81BE-EC779EC89029}"
EndProject
Global
	GlobalSection(SolutionConfigurationPlatforms) = preSolution
		Debug|Any CPU = Debug|Any CPU
		Release|Any CPU = Release|Any CPU
	EndGlobalSection
	GlobalSection(ProjectConfigurationPlatforms) = postSolution
		{072DB4F1-581A-458E-81BE-EC779EC89029}.Debug|Any CPU.ActiveCfg = Debug|Any CPU
		{072DB4F1-581A-458E-81BE-EC779EC89029}.Debug|Any CPU.Build.0 = Debug|Any CPU
		{072DB4F1-581A-458E-81BE-EC779EC89029}.Release|Any CPU.ActiveCfg = Release|Any CPU
		{072DB4F1-581A-458E-81BE-EC779EC89029}.Release|Any CPU.Build.0 = Release|Any CPU
	EndGlobalSection
	GlobalSection(SolutionProperties) = preSolution
		HideSolutionNode = FALSE
	EndGlobalSection
	GlobalSection(ExtensibilityGlobals) = postSolution
		SolutionGuid = {087EAE98-18D0-4054-BDC2-470AB6897C2F}
	EndGlobalSection
EndGlobal
